
Microsoft Visual Studio Solution File, Format Version 12.00
# Visual Studio 15
VisualStudioVersion = 15.0.28307.1401
MinimumVisualStudioVersion = 10.0.40219.1
Project("{8BC9CEB8-8B4A-11D0-8D11-00A0C91BC942}") = "Vulkan_Trial", "Vulkan_Trial\Vulkan_Trial.vcxproj", "{DCABD985-CBD8-4719-A484-FACC7AF294A9}"
EndProject
Global
	GlobalSection(SolutionConfigurationPlatforms) = preSolution
		Debug|x64 = Debug|x64
		Debug|x86 = Debug|x86
		Release|x64 = Release|x64
		Release|x86 = Release|x86
	EndGlobalSection
	GlobalSection(ProjectConfigurationPlatforms) = postSolution
		{DCABD985-CBD8-4719-A484-FACC7AF294A9}.Debug|x64.ActiveCfg = Debug|x64
		{DCABD985-CBD8-4719-A484-FACC7AF294A9}.Debug|x64.Build.0 = Debug|x64
		{DCABD985-CBD8-4719-A484-FACC7AF294A9}.Debug|x86.ActiveCfg = Debug|Win32
		{DCABD985-CBD8-4719-A484-FACC7AF294A9}.Debug|x86.Build.0 = Debug|Win32
		{DCABD985-CBD8-4719-A484-FACC7AF294A9}.Release|x64.ActiveCfg = Release|x64
		{DCABD985-CBD8-4719-A484-FACC7AF294A9}.Release|x64.Build.0 = Release|x64
		{DCABD985-CBD8-4719-A484-FACC7AF294A9}.Release|x86.ActiveCfg = Release|Win32
		{DCABD985-CBD8-4719-A484-FACC7AF294A9}.Release|x86.Build.0 = Release|Win32
	EndGlobalSection
	GlobalSection(SolutionProperties) = preSolution
		HideSolutionNode = FALSE
	EndGlobalSection
	GlobalSection(ExtensibilityGlobals) = postSolution
		SolutionGuid = {33AE6EF1-5BD1-48CB-9B21-9B04D48F3D9E}
	EndGlobalSection
EndGlobal
